
Microsoft Visual Studio Solution File, Format Version 12.00
Project("{2150E333-8FDC-42A3-9474-1A3956D46DE8}") = "src", "src", "{657B54FD-7302-4546-B886-D4EF9D58D9E4}"
EndProject
Project("{F2A71F9B-5D33-465A-A702-920D77279786}") = "FSharp.Extensions.DependencyInjection", "src\FSharp.Extensions.DependencyInjection\FSharp.Extensions.DependencyInjection.fsproj", "{E52081B5-7B87-49F2-9631-E87E13BC69BC}"
EndProject
Project("{2150E333-8FDC-42A3-9474-1A3956D46DE8}") = "sample", "sample", "{D06E2A62-BF97-46AD-BB6E-683807AE3F01}"
EndProject
Project("{F2A71F9B-5D33-465A-A702-920D77279786}") = "Sample.WebApplication", "sample\Sample.WebApplication\Sample.WebApplication.fsproj", "{F24E23FD-9671-45F2-8225-8CEF4012E894}"
EndProject
Project("{F2A71F9B-5D33-465A-A702-920D77279786}") = "Sample.ConsoleApp", "sample\Sample.ConsoleApplication\Sample.ConsoleApplication.fsproj", "{029B8E35-00A1-4699-B455-9CF199A5F698}"
EndProject
Project("{F2A71F9B-5D33-465A-A702-920D77279786}") = "Sample.Domain", "sample\Sample.Domain\Sample.Domain.fsproj", "{AE33364F-E3E3-444F-BFC4-44C3D9122676}"
EndProject
Project("{F2A71F9B-5D33-465A-A702-920D77279786}") = "Sample.Domain.Wrappers", "sample\Sample.Domain.Wrappers\Sample.Domain.Wrappers.fsproj", "{84021DF3-054F-4225-9AF3-23C9074DCB70}"
EndProject
Project("{2150E333-8FDC-42A3-9474-1A3956D46DE8}") = "benchmarks", "benchmarks", "{12EAE32E-9748-4FFE-8371-A92446022DCA}"
EndProject
Project("{F2A71F9B-5D33-465A-A702-920D77279786}") = "FSharp.Extensions.DependencyInjection.Benchmarks", "benchmarks\FSharp.Extensions.DependencyInjection.Benchmarks\FSharp.Extensions.DependencyInjection.Benchmarks.fsproj", "{D9D07A8E-48A6-4C9A-97C1-06565CA3F8B0}"
EndProject
Project("{2150E333-8FDC-42A3-9474-1A3956D46DE8}") = "tests", "tests", "{5C09981C-C7DF-4A03-A493-750F66325766}"
EndProject
Project("{F2A71F9B-5D33-465A-A702-920D77279786}") = "FSharp.Extensions.DependencyInjection.Tests", "tests\FSharp.Extensions.DependencyInjection.Tests\FSharp.Extensions.DependencyInjection.Tests.fsproj", "{868D75AF-AF78-40C0-BB2F-D76B9674FFD3}"
EndProject
Global
	GlobalSection(SolutionConfigurationPlatforms) = preSolution
		Debug|Any CPU = Debug|Any CPU
		Release|Any CPU = Release|Any CPU
	EndGlobalSection
	GlobalSection(NestedProjects) = preSolution
		{E52081B5-7B87-49F2-9631-E87E13BC69BC} = {657B54FD-7302-4546-B886-D4EF9D58D9E4}
		{F24E23FD-9671-45F2-8225-8CEF4012E894} = {D06E2A62-BF97-46AD-BB6E-683807AE3F01}
		{029B8E35-00A1-4699-B455-9CF199A5F698} = {D06E2A62-BF97-46AD-BB6E-683807AE3F01}
		{AE33364F-E3E3-444F-BFC4-44C3D9122676} = {D06E2A62-BF97-46AD-BB6E-683807AE3F01}
		{84021DF3-054F-4225-9AF3-23C9074DCB70} = {D06E2A62-BF97-46AD-BB6E-683807AE3F01}
		{D9D07A8E-48A6-4C9A-97C1-06565CA3F8B0} = {12EAE32E-9748-4FFE-8371-A92446022DCA}
		{868D75AF-AF78-40C0-BB2F-D76B9674FFD3} = {5C09981C-C7DF-4A03-A493-750F66325766}
	EndGlobalSection
	GlobalSection(ProjectConfigurationPlatforms) = postSolution
		{E52081B5-7B87-49F2-9631-E87E13BC69BC}.Release|Any CPU.ActiveCfg = Release|Any CPU
		{E52081B5-7B87-49F2-9631-E87E13BC69BC}.Release|Any CPU.Build.0 = Release|Any CPU
		{E52081B5-7B87-49F2-9631-E87E13BC69BC}.Debug|Any CPU.ActiveCfg = Release|Any CPU
		{E52081B5-7B87-49F2-9631-E87E13BC69BC}.Debug|Any CPU.Build.0 = Release|Any CPU
		{F24E23FD-9671-45F2-8225-8CEF4012E894}.Debug|Any CPU.ActiveCfg = Debug|Any CPU
		{F24E23FD-9671-45F2-8225-8CEF4012E894}.Debug|Any CPU.Build.0 = Debug|Any CPU
		{F24E23FD-9671-45F2-8225-8CEF4012E894}.Release|Any CPU.ActiveCfg = Release|Any CPU
		{F24E23FD-9671-45F2-8225-8CEF4012E894}.Release|Any CPU.Build.0 = Release|Any CPU
		{029B8E35-00A1-4699-B455-9CF199A5F698}.Debug|Any CPU.ActiveCfg = Debug|Any CPU
		{029B8E35-00A1-4699-B455-9CF199A5F698}.Debug|Any CPU.Build.0 = Debug|Any CPU
		{029B8E35-00A1-4699-B455-9CF199A5F698}.Release|Any CPU.ActiveCfg = Release|Any CPU
		{029B8E35-00A1-4699-B455-9CF199A5F698}.Release|Any CPU.Build.0 = Release|Any CPU
		{AE33364F-E3E3-444F-BFC4-44C3D9122676}.Debug|Any CPU.ActiveCfg = Debug|Any CPU
		{AE33364F-E3E3-444F-BFC4-44C3D9122676}.Debug|Any CPU.Build.0 = Debug|Any CPU
		{AE33364F-E3E3-444F-BFC4-44C3D9122676}.Release|Any CPU.ActiveCfg = Release|Any CPU
		{AE33364F-E3E3-444F-BFC4-44C3D9122676}.Release|Any CPU.Build.0 = Release|Any CPU
		{84021DF3-054F-4225-9AF3-23C9074DCB70}.Debug|Any CPU.ActiveCfg = Debug|Any CPU
		{84021DF3-054F-4225-9AF3-23C9074DCB70}.Debug|Any CPU.Build.0 = Debug|Any CPU
		{84021DF3-054F-4225-9AF3-23C9074DCB70}.Release|Any CPU.ActiveCfg = Release|Any CPU
		{84021DF3-054F-4225-9AF3-23C9074DCB70}.Release|Any CPU.Build.0 = Release|Any CPU
		{D9D07A8E-48A6-4C9A-97C1-06565CA3F8B0}.Release|Any CPU.ActiveCfg = Release|Any CPU
		{D9D07A8E-48A6-4C9A-97C1-06565CA3F8B0}.Release|Any CPU.Build.0 = Release|Any CPU
		{D9D07A8E-48A6-4C9A-97C1-06565CA3F8B0}.Debug|Any CPU.ActiveCfg = Release|Any CPU
		{D9D07A8E-48A6-4C9A-97C1-06565CA3F8B0}.Debug|Any CPU.Build.0 = Release|Any CPU
		{868D75AF-AF78-40C0-BB2F-D76B9674FFD3}.Debug|Any CPU.ActiveCfg = Debug|Any CPU
		{868D75AF-AF78-40C0-BB2F-D76B9674FFD3}.Debug|Any CPU.Build.0 = Debug|Any CPU
		{868D75AF-AF78-40C0-BB2F-D76B9674FFD3}.Release|Any CPU.ActiveCfg = Release|Any CPU
		{868D75AF-AF78-40C0-BB2F-D76B9674FFD3}.Release|Any CPU.Build.0 = Release|Any CPU
	EndGlobalSection
EndGlobal
